
Microsoft Visual Studio Solution File, Format Version 12.00
# Visual Studio Version 16
VisualStudioVersion = 16.0.30204.135
MinimumVisualStudioVersion = 10.0.40219.1
Project("{9A19103F-16F7-4668-BE54-9A1E7A4F7556}") = "MiddleweightReflection", "MiddleweightReflection\MiddleweightReflection.csproj", "{ACAEDCBA-8C46-4135-8577-30D37B86AE01}"
EndProject
Project("{FAE04EC0-301F-11D3-BF4B-00C04F79EFBC}") = "UnitTests", "Test\UnitTests.csproj", "{C5148951-A297-462F-BD72-0B3AA43F7215}"
EndProject
Project("{FAE04EC0-301F-11D3-BF4B-00C04F79EFBC}") = "UnitTestSampleAssembly", "Test\UnitTestSampleAssembly\UnitTestSampleAssembly.csproj", "{65E7C87B-7E7B-4EEF-A6AA-5B8CD2F9D265}"
EndProject
Project("{FAE04EC0-301F-11D3-BF4B-00C04F79EFBC}") = "UnitTestWinRTComponent", "Test\UnitTestWinRTComponent\UnitTestWinRTComponent.csproj", "{95C612FE-E84C-4923-9AB3-CD305B4F5C84}"
EndProject
Project("{FAE04EC0-301F-11D3-BF4B-00C04F79EFBC}") = "MRDump", "MRDump\MRDump.csproj", "{C6031909-48BC-4D97-8641-151185F9C62B}"
EndProject
Global
	GlobalSection(SolutionConfigurationPlatforms) = preSolution
		Debug|Any CPU = Debug|Any CPU
		Debug|ARM = Debug|ARM
		Debug|ARM64 = Debug|ARM64
		Debug|x64 = Debug|x64
		Debug|x86 = Debug|x86
		Release|Any CPU = Release|Any CPU
		Release|ARM = Release|ARM
		Release|ARM64 = Release|ARM64
		Release|x64 = Release|x64
		Release|x86 = Release|x86
	EndGlobalSection
	GlobalSection(ProjectConfigurationPlatforms) = postSolution
		{ACAEDCBA-8C46-4135-8577-30D37B86AE01}.Debug|Any CPU.ActiveCfg = Debug|Any CPU
		{ACAEDCBA-8C46-4135-8577-30D37B86AE01}.Debug|Any CPU.Build.0 = Debug|Any CPU
		{ACAEDCBA-8C46-4135-8577-30D37B86AE01}.Debug|ARM.ActiveCfg = Debug|Any CPU
		{ACAEDCBA-8C46-4135-8577-30D37B86AE01}.Debug|ARM.Build.0 = Debug|Any CPU
		{ACAEDCBA-8C46-4135-8577-30D37B86AE01}.Debug|ARM64.ActiveCfg = Debug|Any CPU
		{ACAEDCBA-8C46-4135-8577-30D37B86AE01}.Debug|ARM64.Build.0 = Debug|Any CPU
		{ACAEDCBA-8C46-4135-8577-30D37B86AE01}.Debug|x64.ActiveCfg = Debug|Any CPU
		{ACAEDCBA-8C46-4135-8577-30D37B86AE01}.Debug|x64.Build.0 = Debug|Any CPU
		{ACAEDCBA-8C46-4135-8577-30D37B86AE01}.Debug|x86.ActiveCfg = Debug|Any CPU
		{ACAEDCBA-8C46-4135-8577-30D37B86AE01}.Debug|x86.Build.0 = Debug|Any CPU
		{ACAEDCBA-8C46-4135-8577-30D37B86AE01}.Release|Any CPU.ActiveCfg = Release|Any CPU
		{ACAEDCBA-8C46-4135-8577-30D37B86AE01}.Release|Any CPU.Build.0 = Release|Any CPU
		{ACAEDCBA-8C46-4135-8577-30D37B86AE01}.Release|ARM.ActiveCfg = Release|Any CPU
		{ACAEDCBA-8C46-4135-8577-30D37B86AE01}.Release|ARM.Build.0 = Release|Any CPU
		{ACAEDCBA-8C46-4135-8577-30D37B86AE01}.Release|ARM64.ActiveCfg = Release|Any CPU
		{ACAEDCBA-8C46-4135-8577-30D37B86AE01}.Release|ARM64.Build.0 = Release|Any CPU
		{ACAEDCBA-8C46-4135-8577-30D37B86AE01}.Release|x64.ActiveCfg = Release|Any CPU
		{ACAEDCBA-8C46-4135-8577-30D37B86AE01}.Release|x64.Build.0 = Release|Any CPU
		{ACAEDCBA-8C46-4135-8577-30D37B86AE01}.Release|x86.ActiveCfg = Release|Any CPU
		{ACAEDCBA-8C46-4135-8577-30D37B86AE01}.Release|x86.Build.0 = Release|Any CPU
		{C5148951-A297-462F-BD72-0B3AA43F7215}.Debug|Any CPU.ActiveCfg = Debug|Any CPU
		{C5148951-A297-462F-BD72-0B3AA43F7215}.Debug|Any CPU.Build.0 = Debug|Any CPU
		{C5148951-A297-462F-BD72-0B3AA43F7215}.Debug|ARM.ActiveCfg = Debug|Any CPU
		{C5148951-A297-462F-BD72-0B3AA43F7215}.Debug|ARM.Build.0 = Debug|Any CPU
		{C5148951-A297-462F-BD72-0B3AA43F7215}.Debug|ARM64.ActiveCfg = Debug|Any CPU
		{C5148951-A297-462F-BD72-0B3AA43F7215}.Debug|ARM64.Build.0 = Debug|Any CPU
		{C5148951-A297-462F-BD72-0B3AA43F7215}.Debug|x64.ActiveCfg = Debug|Any CPU
		{C5148951-A297-462F-BD72-0B3AA43F7215}.Debug|x64.Build.0 = Debug|Any CPU
		{C5148951-A297-462F-BD72-0B3AA43F7215}.Debug|x86.ActiveCfg = Debug|Any CPU
		{C5148951-A297-462F-BD72-0B3AA43F7215}.Debug|x86.Build.0 = Debug|Any CPU
		{C5148951-A297-462F-BD72-0B3AA43F7215}.Release|Any CPU.ActiveCfg = Release|Any CPU
		{C5148951-A297-462F-BD72-0B3AA43F7215}.Release|Any CPU.Build.0 = Release|Any CPU
		{C5148951-A297-462F-BD72-0B3AA43F7215}.Release|ARM.ActiveCfg = Release|Any CPU
		{C5148951-A297-462F-BD72-0B3AA43F7215}.Release|ARM.Build.0 = Release|Any CPU
		{C5148951-A297-462F-BD72-0B3AA43F7215}.Release|ARM64.ActiveCfg = Release|Any CPU
		{C5148951-A297-462F-BD72-0B3AA43F7215}.Release|ARM64.Build.0 = Release|Any CPU
		{C5148951-A297-462F-BD72-0B3AA43F7215}.Release|x64.ActiveCfg = Release|Any CPU
		{C5148951-A297-462F-BD72-0B3AA43F7215}.Release|x64.Build.0 = Release|Any CPU
		{C5148951-A297-462F-BD72-0B3AA43F7215}.Release|x86.ActiveCfg = Release|Any CPU
		{C5148951-A297-462F-BD72-0B3AA43F7215}.Release|x86.Build.0 = Release|Any CPU
		{65E7C87B-7E7B-4EEF-A6AA-5B8CD2F9D265}.Debug|Any CPU.ActiveCfg = Debug|Any CPU
		{65E7C87B-7E7B-4EEF-A6AA-5B8CD2F9D265}.Debug|Any CPU.Build.0 = Debug|Any CPU
		{65E7C87B-7E7B-4EEF-A6AA-5B8CD2F9D265}.Debug|ARM.ActiveCfg = Debug|Any CPU
		{65E7C87B-7E7B-4EEF-A6AA-5B8CD2F9D265}.Debug|ARM.Build.0 = Debug|Any CPU
		{65E7C87B-7E7B-4EEF-A6AA-5B8CD2F9D265}.Debug|ARM64.ActiveCfg = Debug|Any CPU
		{65E7C87B-7E7B-4EEF-A6AA-5B8CD2F9D265}.Debug|ARM64.Build.0 = Debug|Any CPU
		{65E7C87B-7E7B-4EEF-A6AA-5B8CD2F9D265}.Debug|x64.ActiveCfg = Debug|Any CPU
		{65E7C87B-7E7B-4EEF-A6AA-5B8CD2F9D265}.Debug|x64.Build.0 = Debug|Any CPU
		{65E7C87B-7E7B-4EEF-A6AA-5B8CD2F9D265}.Debug|x86.ActiveCfg = Debug|Any CPU
		{65E7C87B-7E7B-4EEF-A6AA-5B8CD2F9D265}.Debug|x86.Build.0 = Debug|Any CPU
		{65E7C87B-7E7B-4EEF-A6AA-5B8CD2F9D265}.Release|Any CPU.ActiveCfg = Release|Any CPU
		{65E7C87B-7E7B-4EEF-A6AA-5B8CD2F9D265}.Release|Any CPU.Build.0 = Release|Any CPU
		{65E7C87B-7E7B-4EEF-A6AA-5B8CD2F9D265}.Release|ARM.ActiveCfg = Release|Any CPU
		{65E7C87B-7E7B-4EEF-A6AA-5B8CD2F9D265}.Release|ARM.Build.0 = Release|Any CPU
		{65E7C87B-7E7B-4EEF-A6AA-5B8CD2F9D265}.Release|ARM64.ActiveCfg = Release|Any CPU
		{65E7C87B-7E7B-4EEF-A6AA-5B8CD2F9D265}.Release|ARM64.Build.0 = Release|Any CPU
		{65E7C87B-7E7B-4EEF-A6AA-5B8CD2F9D265}.Release|x64.ActiveCfg = Release|Any CPU
		{65E7C87B-7E7B-4EEF-A6AA-5B8CD2F9D265}.Release|x64.Build.0 = Release|Any CPU
		{65E7C87B-7E7B-4EEF-A6AA-5B8CD2F9D265}.Release|x86.ActiveCfg = Release|Any CPU
		{65E7C87B-7E7B-4EEF-A6AA-5B8CD2F9D265}.Release|x86.Build.0 = Release|Any CPU
		{95C612FE-E84C-4923-9AB3-CD305B4F5C84}.Debug|Any CPU.ActiveCfg = Debug|Any CPU
		{95C612FE-E84C-4923-9AB3-CD305B4F5C84}.Debug|Any CPU.Build.0 = Debug|Any CPU
		{95C612FE-E84C-4923-9AB3-CD305B4F5C84}.Debug|ARM.ActiveCfg = Debug|ARM
		{95C612FE-E84C-4923-9AB3-CD305B4F5C84}.Debug|ARM.Build.0 = Debug|ARM
		{95C612FE-E84C-4923-9AB3-CD305B4F5C84}.Debug|ARM64.ActiveCfg = Debug|ARM64
		{95C612FE-E84C-4923-9AB3-CD305B4F5C84}.Debug|ARM64.Build.0 = Debug|ARM64
		{95C612FE-E84C-4923-9AB3-CD305B4F5C84}.Debug|x64.ActiveCfg = Debug|x64
		{95C612FE-E84C-4923-9AB3-CD305B4F5C84}.Debug|x64.Build.0 = Debug|x64
		{95C612FE-E84C-4923-9AB3-CD305B4F5C84}.Debug|x86.ActiveCfg = Debug|x86
		{95C612FE-E84C-4923-9AB3-CD305B4F5C84}.Debug|x86.Build.0 = Debug|x86
		{95C612FE-E84C-4923-9AB3-CD305B4F5C84}.Release|Any CPU.ActiveCfg = Release|Any CPU
		{95C612FE-E84C-4923-9AB3-CD305B4F5C84}.Release|Any CPU.Build.0 = Release|Any CPU
		{95C612FE-E84C-4923-9AB3-CD305B4F5C84}.Release|ARM.ActiveCfg = Release|ARM
		{95C612FE-E84C-4923-9AB3-CD305B4F5C84}.Release|ARM.Build.0 = Release|ARM
		{95C612FE-E84C-4923-9AB3-CD305B4F5C84}.Release|ARM64.ActiveCfg = Release|ARM64
		{95C612FE-E84C-4923-9AB3-CD305B4F5C84}.Release|ARM64.Build.0 = Release|ARM64
		{95C612FE-E84C-4923-9AB3-CD305B4F5C84}.Release|x64.ActiveCfg = Release|x64
		{95C612FE-E84C-4923-9AB3-CD305B4F5C84}.Release|x64.Build.0 = Release|x64
		{95C612FE-E84C-4923-9AB3-CD305B4F5C84}.Release|x86.ActiveCfg = Release|x86
		{95C612FE-E84C-4923-9AB3-CD305B4F5C84}.Release|x86.Build.0 = Release|x86
		{C6031909-48BC-4D97-8641-151185F9C62B}.Debug|Any CPU.ActiveCfg = Debug|Any CPU
		{C6031909-48BC-4D97-8641-151185F9C62B}.Debug|Any CPU.Build.0 = Debug|Any CPU
		{C6031909-48BC-4D97-8641-151185F9C62B}.Debug|ARM.ActiveCfg = Debug|Any CPU
		{C6031909-48BC-4D97-8641-151185F9C62B}.Debug|ARM.Build.0 = Debug|Any CPU
		{C6031909-48BC-4D97-8641-151185F9C62B}.Debug|ARM64.ActiveCfg = Debug|Any CPU
		{C6031909-48BC-4D97-8641-151185F9C62B}.Debug|ARM64.Build.0 = Debug|Any CPU
		{C6031909-48BC-4D97-8641-151185F9C62B}.Debug|x64.ActiveCfg = Debug|Any CPU
		{C6031909-48BC-4D97-8641-151185F9C62B}.Debug|x64.Build.0 = Debug|Any CPU
		{C6031909-48BC-4D97-8641-151185F9C62B}.Debug|x86.ActiveCfg = Debug|Any CPU
		{C6031909-48BC-4D97-8641-151185F9C62B}.Debug|x86.Build.0 = Debug|Any CPU
		{C6031909-48BC-4D97-8641-151185F9C62B}.Release|Any CPU.ActiveCfg = Release|Any CPU
		{C6031909-48BC-4D97-8641-151185F9C62B}.Release|Any CPU.Build.0 = Release|Any CPU
		{C6031909-48BC-4D97-8641-151185F9C62B}.Release|ARM.ActiveCfg = Release|Any CPU
		{C6031909-48BC-4D97-8641-151185F9C62B}.Release|ARM.Build.0 = Release|Any CPU
		{C6031909-48BC-4D97-8641-151185F9C62B}.Release|ARM64.ActiveCfg = Release|Any CPU
		{C6031909-48BC-4D97-8641-151185F9C62B}.Release|ARM64.Build.0 = Release|Any CPU
		{C6031909-48BC-4D97-8641-151185F9C62B}.Release|x64.ActiveCfg = Release|Any CPU
		{C6031909-48BC-4D97-8641-151185F9C62B}.Release|x64.Build.0 = Release|Any CPU
		{C6031909-48BC-4D97-8641-151185F9C62B}.Release|x86.ActiveCfg = Release|Any CPU
		{C6031909-48BC-4D97-8641-151185F9C62B}.Release|x86.Build.0 = Release|Any CPU
	EndGlobalSection
	GlobalSection(SolutionProperties) = preSolution
		HideSolutionNode = FALSE
	EndGlobalSection
	GlobalSection(ExtensibilityGlobals) = postSolution
		SolutionGuid = {8E56FC60-E84B-4F2E-873F-77E88F095EA9}
	EndGlobalSection
EndGlobal
